
Microsoft Visual Studio Solution File, Format Version 12.00
# Visual Studio 2012
Project("{2150E333-8FDC-42A3-9474-1A3956D46DE8}") = "Lab1", "Lab1", "{07930E76-E941-47F7-89FA-764F851A3E0B}"
EndProject
Project("{2150E333-8FDC-42A3-9474-1A3956D46DE8}") = "Lab2", "Lab2", "{30C31083-DE49-47CE-9253-A4AF788858C2}"
EndProject
Project("{FAE04EC0-301F-11D3-BF4B-00C04F79EFBC}") = "Currency", "Lab1.Currency\Currency\Currency.csproj", "{D4F12298-9B76-40BA-8FA3-8500DCF5057A}"
EndProject
Project("{FAE04EC0-301F-11D3-BF4B-00C04F79EFBC}") = "RationalNumber", "Lab1.Rational number\Rational number\RationalNumber.csproj", "{452706AC-F4C3-4834-8F37-712C4D20DD21}"
EndProject
Project("{FAE04EC0-301F-11D3-BF4B-00C04F79EFBC}") = "Test - string", "Lab2.Test\Test\Test - string.csproj", "{798EF4DF-965B-49FA-B993-B763D4EF75D7}"
EndProject
Project("{2150E333-8FDC-42A3-9474-1A3956D46DE8}") = "Lab3", "Lab3", "{E7C0AD7F-4711-4CDD-8F97-3735D6D41979}"
EndProject
Project("{FAE04EC0-301F-11D3-BF4B-00C04F79EFBC}") = "Test - object", "..\Lab2.Test - object\Test\Test - object.csproj", "{671E8FBF-18A4-472D-B98E-A7734A474E89}"
EndProject
Project("{FAE04EC0-301F-11D3-BF4B-00C04F79EFBC}") = "Test - generic", "..\Lab2.Test - generic\Test\Test - generic.csproj", "{6D2F845F-A57F-4C5F-9374-0CF1670E3701}"
EndProject
Project("{2150E333-8FDC-42A3-9474-1A3956D46DE8}") = "Lab4", "Lab4", "{6C61F1DE-E400-4B6D-B53C-987F66B92F48}"
EndProject
Project("{FAE04EC0-301F-11D3-BF4B-00C04F79EFBC}") = "Test.DataStreams", "Lab3.Test.DataStreams\Test\Test.DataStreams.csproj", "{8968ED85-1436-40D6-9559-0D681BB6668A}"
EndProject
Project("{FAE04EC0-301F-11D3-BF4B-00C04F79EFBC}") = "Test.Xml", "Lab4.Test.Xml\Test\Test.Xml.csproj", "{CD70D4EA-8583-4669-98BF-907A748E5AAF}"
EndProject
Project("{2150E333-8FDC-42A3-9474-1A3956D46DE8}") = "Lab5", "Lab5", "{0D7FBFAF-1C15-44F7-9ADB-669AC575AAA2}"
EndProject
Project("{FAE04EC0-301F-11D3-BF4B-00C04F79EFBC}") = "Lab5.Plugins", "Plugins\Lab5.Plugins.csproj", "{7239F9BB-9F90-4C05-8631-F0E168488390}"
EndProject
Project("{2150E333-8FDC-42A3-9474-1A3956D46DE8}") = "Serializers", "Serializers", "{D738F4DE-3159-4744-BA2D-B428DC457E23}"
EndProject
Project("{FAE04EC0-301F-11D3-BF4B-00C04F79EFBC}") = "BinarySerializer", "BinarySerializer\BinarySerializer.csproj", "{8E99F65F-17E9-45C6-B9E8-02421C62BAF6}"
EndProject
Project("{FAE04EC0-301F-11D3-BF4B-00C04F79EFBC}") = "XmlSerializer", "XmlSerializer\XmlSerializer.csproj", "{A77DE5C7-2621-484D-A189-20721CE40FC0}"
EndProject
Project("{FAE04EC0-301F-11D3-BF4B-00C04F79EFBC}") = "DataContractSerializer", "DataContractSerializer\DataContractSerializer.csproj", "{C5FB5133-CACE-432B-B40D-22D3D6ED5584}"
EndProject
Project("{2150E333-8FDC-42A3-9474-1A3956D46DE8}") = "lab6", "lab6", "{C9B04059-65D5-423E-BC79-87812CAAB324}"
EndProject
Project("{FAE04EC0-301F-11D3-BF4B-00C04F79EFBC}") = "AudioPlayer", "AudioPlayer\AudioPlayer.csproj", "{345632E7-01B2-4B86-8CE3-B9697DB5DABC}"
EndProject
Project("{FAE04EC0-301F-11D3-BF4B-00C04F79EFBC}") = "PluginInfoLib", "PluginInfoLib\PluginInfoLib.csproj", "{E7B595D7-CDE2-4A7A-97FD-1B5A280446FA}"
EndProject
Project("{2150E333-8FDC-42A3-9474-1A3956D46DE8}") = "lab7", "lab7", "{EFF056D6-FA06-4106-9AAC-DE3098C80363}"
EndProject
Project("{FAE04EC0-301F-11D3-BF4B-00C04F79EFBC}") = "Patterns", "Patterns\Patterns.csproj", "{56BEA7AE-4860-4255-BF3A-87BFAEC78AE2}"
EndProject
Project("{FAE04EC0-301F-11D3-BF4B-00C04F79EFBC}") = "AudioSystem", "AudioSystem\AudioSystem.csproj", "{C8FBAFED-C535-423F-BE64-99451570DFDC}"
EndProject
Global
	GlobalSection(SolutionConfigurationPlatforms) = preSolution
		Debug|Any CPU = Debug|Any CPU
		Release|Any CPU = Release|Any CPU
	EndGlobalSection
	GlobalSection(ProjectConfigurationPlatforms) = postSolution
		{D4F12298-9B76-40BA-8FA3-8500DCF5057A}.Debug|Any CPU.ActiveCfg = Debug|Any CPU
		{D4F12298-9B76-40BA-8FA3-8500DCF5057A}.Debug|Any CPU.Build.0 = Debug|Any CPU
		{D4F12298-9B76-40BA-8FA3-8500DCF5057A}.Release|Any CPU.ActiveCfg = Release|Any CPU
		{D4F12298-9B76-40BA-8FA3-8500DCF5057A}.Release|Any CPU.Build.0 = Release|Any CPU
		{452706AC-F4C3-4834-8F37-712C4D20DD21}.Debug|Any CPU.ActiveCfg = Debug|Any CPU
		{452706AC-F4C3-4834-8F37-712C4D20DD21}.Debug|Any CPU.Build.0 = Debug|Any CPU
		{452706AC-F4C3-4834-8F37-712C4D20DD21}.Release|Any CPU.ActiveCfg = Release|Any CPU
		{452706AC-F4C3-4834-8F37-712C4D20DD21}.Release|Any CPU.Build.0 = Release|Any CPU
		{798EF4DF-965B-49FA-B993-B763D4EF75D7}.Debug|Any CPU.ActiveCfg = Debug|Any CPU
		{798EF4DF-965B-49FA-B993-B763D4EF75D7}.Debug|Any CPU.Build.0 = Debug|Any CPU
		{798EF4DF-965B-49FA-B993-B763D4EF75D7}.Release|Any CPU.ActiveCfg = Release|Any CPU
		{798EF4DF-965B-49FA-B993-B763D4EF75D7}.Release|Any CPU.Build.0 = Release|Any CPU
		{671E8FBF-18A4-472D-B98E-A7734A474E89}.Debug|Any CPU.ActiveCfg = Debug|Any CPU
		{671E8FBF-18A4-472D-B98E-A7734A474E89}.Debug|Any CPU.Build.0 = Debug|Any CPU
		{671E8FBF-18A4-472D-B98E-A7734A474E89}.Release|Any CPU.ActiveCfg = Release|Any CPU
		{671E8FBF-18A4-472D-B98E-A7734A474E89}.Release|Any CPU.Build.0 = Release|Any CPU
		{6D2F845F-A57F-4C5F-9374-0CF1670E3701}.Debug|Any CPU.ActiveCfg = Debug|Any CPU
		{6D2F845F-A57F-4C5F-9374-0CF1670E3701}.Debug|Any CPU.Build.0 = Debug|Any CPU
		{6D2F845F-A57F-4C5F-9374-0CF1670E3701}.Release|Any CPU.ActiveCfg = Release|Any CPU
		{6D2F845F-A57F-4C5F-9374-0CF1670E3701}.Release|Any CPU.Build.0 = Release|Any CPU
		{8968ED85-1436-40D6-9559-0D681BB6668A}.Debug|Any CPU.ActiveCfg = Debug|Any CPU
		{8968ED85-1436-40D6-9559-0D681BB6668A}.Debug|Any CPU.Build.0 = Debug|Any CPU
		{8968ED85-1436-40D6-9559-0D681BB6668A}.Release|Any CPU.ActiveCfg = Release|Any CPU
		{8968ED85-1436-40D6-9559-0D681BB6668A}.Release|Any CPU.Build.0 = Release|Any CPU
		{CD70D4EA-8583-4669-98BF-907A748E5AAF}.Debug|Any CPU.ActiveCfg = Debug|Any CPU
		{CD70D4EA-8583-4669-98BF-907A748E5AAF}.Debug|Any CPU.Build.0 = Debug|Any CPU
		{CD70D4EA-8583-4669-98BF-907A748E5AAF}.Release|Any CPU.ActiveCfg = Release|Any CPU
		{CD70D4EA-8583-4669-98BF-907A748E5AAF}.Release|Any CPU.Build.0 = Release|Any CPU
		{7239F9BB-9F90-4C05-8631-F0E168488390}.Debug|Any CPU.ActiveCfg = Debug|Any CPU
		{7239F9BB-9F90-4C05-8631-F0E168488390}.Debug|Any CPU.Build.0 = Debug|Any CPU
		{7239F9BB-9F90-4C05-8631-F0E168488390}.Release|Any CPU.ActiveCfg = Release|Any CPU
		{7239F9BB-9F90-4C05-8631-F0E168488390}.Release|Any CPU.Build.0 = Release|Any CPU
		{8E99F65F-17E9-45C6-B9E8-02421C62BAF6}.Debug|Any CPU.ActiveCfg = Debug|Any CPU
		{8E99F65F-17E9-45C6-B9E8-02421C62BAF6}.Debug|Any CPU.Build.0 = Debug|Any CPU
		{8E99F65F-17E9-45C6-B9E8-02421C62BAF6}.Release|Any CPU.ActiveCfg = Release|Any CPU
		{8E99F65F-17E9-45C6-B9E8-02421C62BAF6}.Release|Any CPU.Build.0 = Release|Any CPU
		{A77DE5C7-2621-484D-A189-20721CE40FC0}.Debug|Any CPU.ActiveCfg = Debug|Any CPU
		{A77DE5C7-2621-484D-A189-20721CE40FC0}.Debug|Any CPU.Build.0 = Debug|Any CPU
		{A77DE5C7-2621-484D-A189-20721CE40FC0}.Release|Any CPU.ActiveCfg = Release|Any CPU
		{A77DE5C7-2621-484D-A189-20721CE40FC0}.Release|Any CPU.Build.0 = Release|Any CPU
		{C5FB5133-CACE-432B-B40D-22D3D6ED5584}.Debug|Any CPU.ActiveCfg = Debug|Any CPU
		{C5FB5133-CACE-432B-B40D-22D3D6ED5584}.Debug|Any CPU.Build.0 = Debug|Any CPU
		{C5FB5133-CACE-432B-B40D-22D3D6ED5584}.Release|Any CPU.ActiveCfg = Release|Any CPU
		{C5FB5133-CACE-432B-B40D-22D3D6ED5584}.Release|Any CPU.Build.0 = Release|Any CPU
		{345632E7-01B2-4B86-8CE3-B9697DB5DABC}.Debug|Any CPU.ActiveCfg = Debug|Any CPU
		{345632E7-01B2-4B86-8CE3-B9697DB5DABC}.Debug|Any CPU.Build.0 = Debug|Any CPU
		{345632E7-01B2-4B86-8CE3-B9697DB5DABC}.Release|Any CPU.ActiveCfg = Release|Any CPU
		{345632E7-01B2-4B86-8CE3-B9697DB5DABC}.Release|Any CPU.Build.0 = Release|Any CPU
		{E7B595D7-CDE2-4A7A-97FD-1B5A280446FA}.Debug|Any CPU.ActiveCfg = Debug|Any CPU
		{E7B595D7-CDE2-4A7A-97FD-1B5A280446FA}.Debug|Any CPU.Build.0 = Debug|Any CPU
		{E7B595D7-CDE2-4A7A-97FD-1B5A280446FA}.Release|Any CPU.ActiveCfg = Release|Any CPU
		{E7B595D7-CDE2-4A7A-97FD-1B5A280446FA}.Release|Any CPU.Build.0 = Release|Any CPU
		{56BEA7AE-4860-4255-BF3A-87BFAEC78AE2}.Debug|Any CPU.ActiveCfg = Debug|Any CPU
		{56BEA7AE-4860-4255-BF3A-87BFAEC78AE2}.Debug|Any CPU.Build.0 = Debug|Any CPU
		{56BEA7AE-4860-4255-BF3A-87BFAEC78AE2}.Release|Any CPU.ActiveCfg = Release|Any CPU
		{56BEA7AE-4860-4255-BF3A-87BFAEC78AE2}.Release|Any CPU.Build.0 = Release|Any CPU
		{C8FBAFED-C535-423F-BE64-99451570DFDC}.Debug|Any CPU.ActiveCfg = Debug|Any CPU
		{C8FBAFED-C535-423F-BE64-99451570DFDC}.Debug|Any CPU.Build.0 = Debug|Any CPU
		{C8FBAFED-C535-423F-BE64-99451570DFDC}.Release|Any CPU.ActiveCfg = Release|Any CPU
		{C8FBAFED-C535-423F-BE64-99451570DFDC}.Release|Any CPU.Build.0 = Release|Any CPU
	EndGlobalSection
	GlobalSection(SolutionProperties) = preSolution
		HideSolutionNode = FALSE
	EndGlobalSection
	GlobalSection(NestedProjects) = preSolution
		{D4F12298-9B76-40BA-8FA3-8500DCF5057A} = {07930E76-E941-47F7-89FA-764F851A3E0B}
		{452706AC-F4C3-4834-8F37-712C4D20DD21} = {07930E76-E941-47F7-89FA-764F851A3E0B}
		{798EF4DF-965B-49FA-B993-B763D4EF75D7} = {30C31083-DE49-47CE-9253-A4AF788858C2}
		{671E8FBF-18A4-472D-B98E-A7734A474E89} = {30C31083-DE49-47CE-9253-A4AF788858C2}
		{6D2F845F-A57F-4C5F-9374-0CF1670E3701} = {30C31083-DE49-47CE-9253-A4AF788858C2}
		{8968ED85-1436-40D6-9559-0D681BB6668A} = {E7C0AD7F-4711-4CDD-8F97-3735D6D41979}
		{CD70D4EA-8583-4669-98BF-907A748E5AAF} = {6C61F1DE-E400-4B6D-B53C-987F66B92F48}
		{7239F9BB-9F90-4C05-8631-F0E168488390} = {0D7FBFAF-1C15-44F7-9ADB-669AC575AAA2}
		{D738F4DE-3159-4744-BA2D-B428DC457E23} = {0D7FBFAF-1C15-44F7-9ADB-669AC575AAA2}
		{E7B595D7-CDE2-4A7A-97FD-1B5A280446FA} = {0D7FBFAF-1C15-44F7-9ADB-669AC575AAA2}
		{8E99F65F-17E9-45C6-B9E8-02421C62BAF6} = {D738F4DE-3159-4744-BA2D-B428DC457E23}
		{A77DE5C7-2621-484D-A189-20721CE40FC0} = {D738F4DE-3159-4744-BA2D-B428DC457E23}
		{C5FB5133-CACE-432B-B40D-22D3D6ED5584} = {D738F4DE-3159-4744-BA2D-B428DC457E23}
		{345632E7-01B2-4B86-8CE3-B9697DB5DABC} = {C9B04059-65D5-423E-BC79-87812CAAB324}
		{56BEA7AE-4860-4255-BF3A-87BFAEC78AE2} = {EFF056D6-FA06-4106-9AAC-DE3098C80363}
		{C8FBAFED-C535-423F-BE64-99451570DFDC} = {EFF056D6-FA06-4106-9AAC-DE3098C80363}
	EndGlobalSection
	GlobalSection(Performance) = preSolution
		HasPerformanceSessions = true
	EndGlobalSection
EndGlobal
