
Microsoft Visual Studio Solution File, Format Version 12.00
# Visual Studio 2013
VisualStudioVersion = 12.0.30110.0
MinimumVisualStudioVersion = 10.0.40219.1
Project("{FAE04EC0-301F-11D3-BF4B-00C04F79EFBC}") = "Lab1", "Lab1\Lab1.csproj", "{CDC1998E-31EA-48A7-85EF-586A1EE6A761}"
EndProject
Project("{FAE04EC0-301F-11D3-BF4B-00C04F79EFBC}") = "Lab2.FileLocking", "Lab2.FileLocking\Lab2.FileLocking.csproj", "{4C19EB5F-E4A2-446D-846F-5C625D275A50}"
EndProject
Project("{FAE04EC0-301F-11D3-BF4B-00C04F79EFBC}") = "Lab2.SpreadsheetEditing", "Lab2.SpreadsheetEditing\Lab2.SpreadsheetEditing.csproj", "{6E49B7B5-16C6-4C85-85CC-C8E814577A19}"
EndProject
Project("{FAE04EC0-301F-11D3-BF4B-00C04F79EFBC}") = "Lab3.FileLocking.Communication", "Lab3.FileLocking.Communication\Lab3.FileLocking.Communication.csproj", "{D456A6E7-1AD0-4F03-ABA2-E193ACB2D8DF}"
EndProject
Project("{FAE04EC0-301F-11D3-BF4B-00C04F79EFBC}") = "Lab3.FileLocking.Communication.Tests", "Lab3.FileLocking.Communication.Tests\Lab3.FileLocking.Communication.Tests.csproj", "{C0C8E4BB-0333-419F-A0D4-1C4905A37A23}"
EndProject
Project("{2150E333-8FDC-42A3-9474-1A3956D46DE8}") = "Lab3", "Lab3", "{61C8122A-500F-4CEB-B546-F86BD0326CEF}"
EndProject
Project("{FAE04EC0-301F-11D3-BF4B-00C04F79EFBC}") = "Lab3.FileLocking.Arbiter", "Lab3.FileLocking.Arbiter\Lab3.FileLocking.Arbiter.csproj", "{55F89210-10A8-46E3-9F3F-CF206378A339}"
EndProject
Project("{FAE04EC0-301F-11D3-BF4B-00C04F79EFBC}") = "Lab3.FileLocking", "Lab3.FileLocking\Lab3.FileLocking.csproj", "{2D98A80A-B970-4820-959D-B2774C724FDF}"
EndProject
Project("{FAE04EC0-301F-11D3-BF4B-00C04F79EFBC}") = "Lab3.FileEditor", "Lab3.FileEditor\Lab3.FileEditor.csproj", "{551041A1-4007-4420-B66F-EC592F6B9EC2}"
EndProject
Project("{2150E333-8FDC-42A3-9474-1A3956D46DE8}") = "Lab2", "Lab2", "{CC6D7B07-5EFA-4879-9364-B3669D65D971}"
EndProject
Project("{2150E333-8FDC-42A3-9474-1A3956D46DE8}") = "Lab4", "Lab4", "{0358AB97-81E4-4CDC-88AF-6DFA91C47ADF}"
EndProject
Project("{2150E333-8FDC-42A3-9474-1A3956D46DE8}") = "Libs", "Libs", "{317715A8-F2E9-46F6-8F90-5A0CC981D531}"
	ProjectSection(SolutionItems) = preProject
		Libs\RavingDev.Common.dll = Libs\RavingDev.Common.dll
	EndProjectSection
EndProject
Project("{FAE04EC0-301F-11D3-BF4B-00C04F79EFBC}") = "Lab4.Communication", "Lab4.Communication\Lab4.Communication.csproj", "{0D3A27AB-E97C-40A2-9295-D0125C4C83EA}"
EndProject
Project("{FAE04EC0-301F-11D3-BF4B-00C04F79EFBC}") = "Lab4.TestResourceLocker", "Lab4.TestResourceLocker\Lab4.TestResourceLocker.csproj", "{EFB50140-C725-4699-BF76-B8BC1B6F456B}"
EndProject
Project("{FAE04EC0-301F-11D3-BF4B-00C04F79EFBC}") = "Lab4.ResourceLocking", "Lab4.ResourceLocking\Lab4.ResourceLocking.csproj", "{E97FF1B3-BDAE-42DC-BC15-F816019C5233}"
EndProject
Project("{2150E333-8FDC-42A3-9474-1A3956D46DE8}") = "TestApps", "TestApps", "{771C379A-5103-40A0-AE0C-3632120B8A73}"
EndProject
Project("{FAE04EC0-301F-11D3-BF4B-00C04F79EFBC}") = "Lab4.FileEditor", "Lab4.FileEditor\Lab4.FileEditor.csproj", "{784DEB93-8C01-4853-9AE4-69B8ECD333C5}"
EndProject
Project("{FAE04EC0-301F-11D3-BF4B-00C04F79EFBC}") = "RavingDev.Communication.TestServer", "..\RavingDev\RavingDev.Communication.TestServer\RavingDev.Communication.TestServer.csproj", "{A498E9D8-9F85-45A9-8D24-021DCBCFF301}"
EndProject
Project("{FAE04EC0-301F-11D3-BF4B-00C04F79EFBC}") = "RavingDev.Communication", "..\RavingDev\RavingDev.Communication\RavingDev.Communication.csproj", "{500CC24E-729D-4D18-BEF6-5188539487B3}"
EndProject
Global
	GlobalSection(SolutionConfigurationPlatforms) = preSolution
		Debug|Any CPU = Debug|Any CPU
		Release|Any CPU = Release|Any CPU
	EndGlobalSection
	GlobalSection(ProjectConfigurationPlatforms) = postSolution
		{CDC1998E-31EA-48A7-85EF-586A1EE6A761}.Debug|Any CPU.ActiveCfg = Debug|Any CPU
		{CDC1998E-31EA-48A7-85EF-586A1EE6A761}.Debug|Any CPU.Build.0 = Debug|Any CPU
		{CDC1998E-31EA-48A7-85EF-586A1EE6A761}.Release|Any CPU.ActiveCfg = Release|Any CPU
		{CDC1998E-31EA-48A7-85EF-586A1EE6A761}.Release|Any CPU.Build.0 = Release|Any CPU
		{4C19EB5F-E4A2-446D-846F-5C625D275A50}.Debug|Any CPU.ActiveCfg = Debug|Any CPU
		{4C19EB5F-E4A2-446D-846F-5C625D275A50}.Debug|Any CPU.Build.0 = Debug|Any CPU
		{4C19EB5F-E4A2-446D-846F-5C625D275A50}.Release|Any CPU.ActiveCfg = Release|Any CPU
		{4C19EB5F-E4A2-446D-846F-5C625D275A50}.Release|Any CPU.Build.0 = Release|Any CPU
		{6E49B7B5-16C6-4C85-85CC-C8E814577A19}.Debug|Any CPU.ActiveCfg = Debug|Any CPU
		{6E49B7B5-16C6-4C85-85CC-C8E814577A19}.Debug|Any CPU.Build.0 = Debug|Any CPU
		{6E49B7B5-16C6-4C85-85CC-C8E814577A19}.Release|Any CPU.ActiveCfg = Release|Any CPU
		{6E49B7B5-16C6-4C85-85CC-C8E814577A19}.Release|Any CPU.Build.0 = Release|Any CPU
		{D456A6E7-1AD0-4F03-ABA2-E193ACB2D8DF}.Debug|Any CPU.ActiveCfg = Debug|Any CPU
		{D456A6E7-1AD0-4F03-ABA2-E193ACB2D8DF}.Debug|Any CPU.Build.0 = Debug|Any CPU
		{D456A6E7-1AD0-4F03-ABA2-E193ACB2D8DF}.Release|Any CPU.ActiveCfg = Release|Any CPU
		{D456A6E7-1AD0-4F03-ABA2-E193ACB2D8DF}.Release|Any CPU.Build.0 = Release|Any CPU
		{C0C8E4BB-0333-419F-A0D4-1C4905A37A23}.Debug|Any CPU.ActiveCfg = Debug|Any CPU
		{C0C8E4BB-0333-419F-A0D4-1C4905A37A23}.Debug|Any CPU.Build.0 = Debug|Any CPU
		{C0C8E4BB-0333-419F-A0D4-1C4905A37A23}.Release|Any CPU.ActiveCfg = Release|Any CPU
		{C0C8E4BB-0333-419F-A0D4-1C4905A37A23}.Release|Any CPU.Build.0 = Release|Any CPU
		{55F89210-10A8-46E3-9F3F-CF206378A339}.Debug|Any CPU.ActiveCfg = Debug|Any CPU
		{55F89210-10A8-46E3-9F3F-CF206378A339}.Debug|Any CPU.Build.0 = Debug|Any CPU
		{55F89210-10A8-46E3-9F3F-CF206378A339}.Release|Any CPU.ActiveCfg = Release|Any CPU
		{55F89210-10A8-46E3-9F3F-CF206378A339}.Release|Any CPU.Build.0 = Release|Any CPU
		{2D98A80A-B970-4820-959D-B2774C724FDF}.Debug|Any CPU.ActiveCfg = Debug|Any CPU
		{2D98A80A-B970-4820-959D-B2774C724FDF}.Debug|Any CPU.Build.0 = Debug|Any CPU
		{2D98A80A-B970-4820-959D-B2774C724FDF}.Release|Any CPU.ActiveCfg = Release|Any CPU
		{2D98A80A-B970-4820-959D-B2774C724FDF}.Release|Any CPU.Build.0 = Release|Any CPU
		{551041A1-4007-4420-B66F-EC592F6B9EC2}.Debug|Any CPU.ActiveCfg = Debug|Any CPU
		{551041A1-4007-4420-B66F-EC592F6B9EC2}.Debug|Any CPU.Build.0 = Debug|Any CPU
		{551041A1-4007-4420-B66F-EC592F6B9EC2}.Release|Any CPU.ActiveCfg = Release|Any CPU
		{551041A1-4007-4420-B66F-EC592F6B9EC2}.Release|Any CPU.Build.0 = Release|Any CPU
		{0D3A27AB-E97C-40A2-9295-D0125C4C83EA}.Debug|Any CPU.ActiveCfg = Debug|Any CPU
		{0D3A27AB-E97C-40A2-9295-D0125C4C83EA}.Debug|Any CPU.Build.0 = Debug|Any CPU
		{0D3A27AB-E97C-40A2-9295-D0125C4C83EA}.Release|Any CPU.ActiveCfg = Release|Any CPU
		{0D3A27AB-E97C-40A2-9295-D0125C4C83EA}.Release|Any CPU.Build.0 = Release|Any CPU
		{EFB50140-C725-4699-BF76-B8BC1B6F456B}.Debug|Any CPU.ActiveCfg = Debug|Any CPU
		{EFB50140-C725-4699-BF76-B8BC1B6F456B}.Debug|Any CPU.Build.0 = Debug|Any CPU
		{EFB50140-C725-4699-BF76-B8BC1B6F456B}.Release|Any CPU.ActiveCfg = Release|Any CPU
		{EFB50140-C725-4699-BF76-B8BC1B6F456B}.Release|Any CPU.Build.0 = Release|Any CPU
		{E97FF1B3-BDAE-42DC-BC15-F816019C5233}.Debug|Any CPU.ActiveCfg = Debug|Any CPU
		{E97FF1B3-BDAE-42DC-BC15-F816019C5233}.Debug|Any CPU.Build.0 = Debug|Any CPU
		{E97FF1B3-BDAE-42DC-BC15-F816019C5233}.Release|Any CPU.ActiveCfg = Release|Any CPU
		{E97FF1B3-BDAE-42DC-BC15-F816019C5233}.Release|Any CPU.Build.0 = Release|Any CPU
		{784DEB93-8C01-4853-9AE4-69B8ECD333C5}.Debug|Any CPU.ActiveCfg = Debug|Any CPU
		{784DEB93-8C01-4853-9AE4-69B8ECD333C5}.Debug|Any CPU.Build.0 = Debug|Any CPU
		{784DEB93-8C01-4853-9AE4-69B8ECD333C5}.Release|Any CPU.ActiveCfg = Release|Any CPU
		{784DEB93-8C01-4853-9AE4-69B8ECD333C5}.Release|Any CPU.Build.0 = Release|Any CPU
		{A498E9D8-9F85-45A9-8D24-021DCBCFF301}.Debug|Any CPU.ActiveCfg = Debug|Any CPU
		{A498E9D8-9F85-45A9-8D24-021DCBCFF301}.Debug|Any CPU.Build.0 = Debug|Any CPU
		{A498E9D8-9F85-45A9-8D24-021DCBCFF301}.Release|Any CPU.ActiveCfg = Release|Any CPU
		{A498E9D8-9F85-45A9-8D24-021DCBCFF301}.Release|Any CPU.Build.0 = Release|Any CPU
		{500CC24E-729D-4D18-BEF6-5188539487B3}.Debug|Any CPU.ActiveCfg = Debug|Any CPU
		{500CC24E-729D-4D18-BEF6-5188539487B3}.Debug|Any CPU.Build.0 = Debug|Any CPU
		{500CC24E-729D-4D18-BEF6-5188539487B3}.Release|Any CPU.ActiveCfg = Release|Any CPU
		{500CC24E-729D-4D18-BEF6-5188539487B3}.Release|Any CPU.Build.0 = Release|Any CPU
	EndGlobalSection
	GlobalSection(SolutionProperties) = preSolution
		HideSolutionNode = FALSE
	EndGlobalSection
	GlobalSection(NestedProjects) = preSolution
		{6E49B7B5-16C6-4C85-85CC-C8E814577A19} = {CC6D7B07-5EFA-4879-9364-B3669D65D971}
		{4C19EB5F-E4A2-446D-846F-5C625D275A50} = {CC6D7B07-5EFA-4879-9364-B3669D65D971}
		{C0C8E4BB-0333-419F-A0D4-1C4905A37A23} = {61C8122A-500F-4CEB-B546-F86BD0326CEF}
		{D456A6E7-1AD0-4F03-ABA2-E193ACB2D8DF} = {61C8122A-500F-4CEB-B546-F86BD0326CEF}
		{55F89210-10A8-46E3-9F3F-CF206378A339} = {61C8122A-500F-4CEB-B546-F86BD0326CEF}
		{2D98A80A-B970-4820-959D-B2774C724FDF} = {61C8122A-500F-4CEB-B546-F86BD0326CEF}
		{551041A1-4007-4420-B66F-EC592F6B9EC2} = {61C8122A-500F-4CEB-B546-F86BD0326CEF}
		{0D3A27AB-E97C-40A2-9295-D0125C4C83EA} = {0358AB97-81E4-4CDC-88AF-6DFA91C47ADF}
		{771C379A-5103-40A0-AE0C-3632120B8A73} = {0358AB97-81E4-4CDC-88AF-6DFA91C47ADF}
		{E97FF1B3-BDAE-42DC-BC15-F816019C5233} = {0358AB97-81E4-4CDC-88AF-6DFA91C47ADF}
		{784DEB93-8C01-4853-9AE4-69B8ECD333C5} = {0358AB97-81E4-4CDC-88AF-6DFA91C47ADF}
		{500CC24E-729D-4D18-BEF6-5188539487B3} = {0358AB97-81E4-4CDC-88AF-6DFA91C47ADF}
		{EFB50140-C725-4699-BF76-B8BC1B6F456B} = {771C379A-5103-40A0-AE0C-3632120B8A73}
		{A498E9D8-9F85-45A9-8D24-021DCBCFF301} = {771C379A-5103-40A0-AE0C-3632120B8A73}
	EndGlobalSection
EndGlobal
